
Microsoft Visual Studio Solution File, Format Version 12.00
# Visual Studio Version 17
VisualStudioVersion = 17.0.32014.148
MinimumVisualStudioVersion = 10.0.40219.1
Project("{2150E333-8FDC-42A3-9474-1A3956D46DE8}") = "Easy", "Easy", "{3B9D8DB9-FE4A-4A4B-BC35-36EA05EFF75C}"
EndProject
Project("{2150E333-8FDC-42A3-9474-1A3956D46DE8}") = "Medium", "Medium", "{94C630FD-C4E3-44A6-8F7E-682BF38B1C85}"
EndProject
Project("{2150E333-8FDC-42A3-9474-1A3956D46DE8}") = "Hard", "Hard", "{F1AA74D2-2680-4759-B702-88FB5D02482E}"
EndProject
Project("{9A19103F-16F7-4668-BE54-9A1E7A4F7556}") = "258-AddDigits", "Easy\AddDigits\258-AddDigits.csproj", "{4BC2402F-D302-4C94-BAD2-B0438E575DD8}"
EndProject
Project("{9A19103F-16F7-4668-BE54-9A1E7A4F7556}") = "1-TwoSum", "Easy\TwoSum\1-TwoSum.csproj", "{E8CCAF12-8D84-411C-8340-F791A89EECAD}"
EndProject
Project("{9A19103F-16F7-4668-BE54-9A1E7A4F7556}") = "26-RemoveDuplicatesFromSortedArray", "Easy\RemoveDuplicatesFromSortedArray\26-RemoveDuplicatesFromSortedArray.csproj", "{0E653260-6817-4D68-ADE8-B4A24D9B6191}"
EndProject
Project("{9A19103F-16F7-4668-BE54-9A1E7A4F7556}") = "26-RemoveDuplicatesFromSortedArrayII", "Medium\RemoveDuplicatesFromSortedArrayII\26-RemoveDuplicatesFromSortedArrayII.csproj", "{B15BC350-511E-442E-B3CD-7C26CE97D811}"
EndProject
Project("{9A19103F-16F7-4668-BE54-9A1E7A4F7556}") = "AmazonTest", "AmazonTest\AmazonTest\AmazonTest.csproj", "{60AB7452-DDA5-4AAD-87CA-81151455B3EC}"
EndProject
Project("{9A19103F-16F7-4668-BE54-9A1E7A4F7556}") = "3-LongestSubstringWithoutRepeatingChars", "Medium\3-LongestSubstringWithoutRepeatingChars\3-LongestSubstringWithoutRepeatingChars.csproj", "{6E99AC59-8BA7-42D3-B3B1-F2180AA385EB}"
EndProject
Project("{9A19103F-16F7-4668-BE54-9A1E7A4F7556}") = "268-MissingNumber", "Easy\268-MissingNumber\268-MissingNumber.csproj", "{E7F49D77-FABD-4AB7-B1B6-389A26F26AA2}"
EndProject
Project("{9A19103F-16F7-4668-BE54-9A1E7A4F7556}") = "371-AddTwoNumbers", "Medium\2-AddTwoNumbers\371-AddTwoNumbers.csproj", "{79BBDD63-4492-4B25-914B-B974D2C45E96}"
EndProject
Project("{9A19103F-16F7-4668-BE54-9A1E7A4F7556}") = "217-ContainsDuplicate", "Easy\217-ContainsDuplicate\217-ContainsDuplicate.csproj", "{4F5C2243-B00B-4764-847F-C79368C2074A}"
EndProject
Project("{9A19103F-16F7-4668-BE54-9A1E7A4F7556}") = "53-MaximumSubarray", "Easy\53-MaximumSubarray\53-MaximumSubarray.csproj", "{B15F6BFF-6E8E-4962-A1CE-13B8447BFB5A}"
EndProject
Project("{9A19103F-16F7-4668-BE54-9A1E7A4F7556}") = "StringEncodingSumDuplication", "AmazonTest\StringEncodingSumDuplication\StringEncodingSumDuplication.csproj", "{0BCEF46E-C819-4AEA-ACCD-5F2E1FBE662E}"
EndProject
Project("{FAE04EC0-301F-11D3-BF4B-00C04F79EFBC}") = "199-BinaryTreeRightSideView", "Medium\199-BinaryTreeRightSideView\199-BinaryTreeRightSideView.csproj", "{DE8A7CFE-7F14-498C-8BBA-02189C86D8B4}"
EndProject
Project("{FAE04EC0-301F-11D3-BF4B-00C04F79EFBC}") = "BinaryTreeLeftSideView", "Medium\BinaryTreeLeftSideView\BinaryTreeLeftSideView.csproj", "{C0FDE335-C698-492F-AB34-BDF4EAF1E864}"
EndProject
Global
	GlobalSection(SolutionConfigurationPlatforms) = preSolution
		Debug|Any CPU = Debug|Any CPU
		Release|Any CPU = Release|Any CPU
	EndGlobalSection
	GlobalSection(ProjectConfigurationPlatforms) = postSolution
		{4BC2402F-D302-4C94-BAD2-B0438E575DD8}.Debug|Any CPU.ActiveCfg = Debug|Any CPU
		{4BC2402F-D302-4C94-BAD2-B0438E575DD8}.Debug|Any CPU.Build.0 = Debug|Any CPU
		{4BC2402F-D302-4C94-BAD2-B0438E575DD8}.Release|Any CPU.ActiveCfg = Release|Any CPU
		{4BC2402F-D302-4C94-BAD2-B0438E575DD8}.Release|Any CPU.Build.0 = Release|Any CPU
		{E8CCAF12-8D84-411C-8340-F791A89EECAD}.Debug|Any CPU.ActiveCfg = Debug|Any CPU
		{E8CCAF12-8D84-411C-8340-F791A89EECAD}.Debug|Any CPU.Build.0 = Debug|Any CPU
		{E8CCAF12-8D84-411C-8340-F791A89EECAD}.Release|Any CPU.ActiveCfg = Release|Any CPU
		{E8CCAF12-8D84-411C-8340-F791A89EECAD}.Release|Any CPU.Build.0 = Release|Any CPU
		{0E653260-6817-4D68-ADE8-B4A24D9B6191}.Debug|Any CPU.ActiveCfg = Debug|Any CPU
		{0E653260-6817-4D68-ADE8-B4A24D9B6191}.Debug|Any CPU.Build.0 = Debug|Any CPU
		{0E653260-6817-4D68-ADE8-B4A24D9B6191}.Release|Any CPU.ActiveCfg = Release|Any CPU
		{0E653260-6817-4D68-ADE8-B4A24D9B6191}.Release|Any CPU.Build.0 = Release|Any CPU
		{B15BC350-511E-442E-B3CD-7C26CE97D811}.Debug|Any CPU.ActiveCfg = Debug|Any CPU
		{B15BC350-511E-442E-B3CD-7C26CE97D811}.Debug|Any CPU.Build.0 = Debug|Any CPU
		{B15BC350-511E-442E-B3CD-7C26CE97D811}.Release|Any CPU.ActiveCfg = Release|Any CPU
		{B15BC350-511E-442E-B3CD-7C26CE97D811}.Release|Any CPU.Build.0 = Release|Any CPU
		{60AB7452-DDA5-4AAD-87CA-81151455B3EC}.Debug|Any CPU.ActiveCfg = Debug|Any CPU
		{60AB7452-DDA5-4AAD-87CA-81151455B3EC}.Debug|Any CPU.Build.0 = Debug|Any CPU
		{60AB7452-DDA5-4AAD-87CA-81151455B3EC}.Release|Any CPU.ActiveCfg = Release|Any CPU
		{60AB7452-DDA5-4AAD-87CA-81151455B3EC}.Release|Any CPU.Build.0 = Release|Any CPU
		{6E99AC59-8BA7-42D3-B3B1-F2180AA385EB}.Debug|Any CPU.ActiveCfg = Debug|Any CPU
		{6E99AC59-8BA7-42D3-B3B1-F2180AA385EB}.Debug|Any CPU.Build.0 = Debug|Any CPU
		{6E99AC59-8BA7-42D3-B3B1-F2180AA385EB}.Release|Any CPU.ActiveCfg = Release|Any CPU
		{6E99AC59-8BA7-42D3-B3B1-F2180AA385EB}.Release|Any CPU.Build.0 = Release|Any CPU
		{E7F49D77-FABD-4AB7-B1B6-389A26F26AA2}.Debug|Any CPU.ActiveCfg = Debug|Any CPU
		{E7F49D77-FABD-4AB7-B1B6-389A26F26AA2}.Debug|Any CPU.Build.0 = Debug|Any CPU
		{E7F49D77-FABD-4AB7-B1B6-389A26F26AA2}.Release|Any CPU.ActiveCfg = Release|Any CPU
		{E7F49D77-FABD-4AB7-B1B6-389A26F26AA2}.Release|Any CPU.Build.0 = Release|Any CPU
		{79BBDD63-4492-4B25-914B-B974D2C45E96}.Debug|Any CPU.ActiveCfg = Debug|Any CPU
		{79BBDD63-4492-4B25-914B-B974D2C45E96}.Debug|Any CPU.Build.0 = Debug|Any CPU
		{79BBDD63-4492-4B25-914B-B974D2C45E96}.Release|Any CPU.ActiveCfg = Release|Any CPU
		{79BBDD63-4492-4B25-914B-B974D2C45E96}.Release|Any CPU.Build.0 = Release|Any CPU
		{4F5C2243-B00B-4764-847F-C79368C2074A}.Debug|Any CPU.ActiveCfg = Debug|Any CPU
		{4F5C2243-B00B-4764-847F-C79368C2074A}.Debug|Any CPU.Build.0 = Debug|Any CPU
		{4F5C2243-B00B-4764-847F-C79368C2074A}.Release|Any CPU.ActiveCfg = Release|Any CPU
		{4F5C2243-B00B-4764-847F-C79368C2074A}.Release|Any CPU.Build.0 = Release|Any CPU
		{B15F6BFF-6E8E-4962-A1CE-13B8447BFB5A}.Debug|Any CPU.ActiveCfg = Debug|Any CPU
		{B15F6BFF-6E8E-4962-A1CE-13B8447BFB5A}.Debug|Any CPU.Build.0 = Debug|Any CPU
		{B15F6BFF-6E8E-4962-A1CE-13B8447BFB5A}.Release|Any CPU.ActiveCfg = Release|Any CPU
		{B15F6BFF-6E8E-4962-A1CE-13B8447BFB5A}.Release|Any CPU.Build.0 = Release|Any CPU
		{0BCEF46E-C819-4AEA-ACCD-5F2E1FBE662E}.Debug|Any CPU.ActiveCfg = Debug|Any CPU
		{0BCEF46E-C819-4AEA-ACCD-5F2E1FBE662E}.Debug|Any CPU.Build.0 = Debug|Any CPU
		{0BCEF46E-C819-4AEA-ACCD-5F2E1FBE662E}.Release|Any CPU.ActiveCfg = Release|Any CPU
		{0BCEF46E-C819-4AEA-ACCD-5F2E1FBE662E}.Release|Any CPU.Build.0 = Release|Any CPU
		{DE8A7CFE-7F14-498C-8BBA-02189C86D8B4}.Debug|Any CPU.ActiveCfg = Debug|Any CPU
		{DE8A7CFE-7F14-498C-8BBA-02189C86D8B4}.Debug|Any CPU.Build.0 = Debug|Any CPU
		{DE8A7CFE-7F14-498C-8BBA-02189C86D8B4}.Release|Any CPU.ActiveCfg = Release|Any CPU
		{DE8A7CFE-7F14-498C-8BBA-02189C86D8B4}.Release|Any CPU.Build.0 = Release|Any CPU
		{C0FDE335-C698-492F-AB34-BDF4EAF1E864}.Debug|Any CPU.ActiveCfg = Debug|Any CPU
		{C0FDE335-C698-492F-AB34-BDF4EAF1E864}.Debug|Any CPU.Build.0 = Debug|Any CPU
		{C0FDE335-C698-492F-AB34-BDF4EAF1E864}.Release|Any CPU.ActiveCfg = Release|Any CPU
		{C0FDE335-C698-492F-AB34-BDF4EAF1E864}.Release|Any CPU.Build.0 = Release|Any CPU
	EndGlobalSection
	GlobalSection(SolutionProperties) = preSolution
		HideSolutionNode = FALSE
	EndGlobalSection
	GlobalSection(NestedProjects) = preSolution
		{4BC2402F-D302-4C94-BAD2-B0438E575DD8} = {3B9D8DB9-FE4A-4A4B-BC35-36EA05EFF75C}
		{E8CCAF12-8D84-411C-8340-F791A89EECAD} = {3B9D8DB9-FE4A-4A4B-BC35-36EA05EFF75C}
		{0E653260-6817-4D68-ADE8-B4A24D9B6191} = {3B9D8DB9-FE4A-4A4B-BC35-36EA05EFF75C}
		{B15BC350-511E-442E-B3CD-7C26CE97D811} = {94C630FD-C4E3-44A6-8F7E-682BF38B1C85}
		{60AB7452-DDA5-4AAD-87CA-81151455B3EC} = {F1AA74D2-2680-4759-B702-88FB5D02482E}
		{6E99AC59-8BA7-42D3-B3B1-F2180AA385EB} = {94C630FD-C4E3-44A6-8F7E-682BF38B1C85}
		{E7F49D77-FABD-4AB7-B1B6-389A26F26AA2} = {3B9D8DB9-FE4A-4A4B-BC35-36EA05EFF75C}
		{79BBDD63-4492-4B25-914B-B974D2C45E96} = {94C630FD-C4E3-44A6-8F7E-682BF38B1C85}
		{4F5C2243-B00B-4764-847F-C79368C2074A} = {3B9D8DB9-FE4A-4A4B-BC35-36EA05EFF75C}
		{B15F6BFF-6E8E-4962-A1CE-13B8447BFB5A} = {3B9D8DB9-FE4A-4A4B-BC35-36EA05EFF75C}
		{0BCEF46E-C819-4AEA-ACCD-5F2E1FBE662E} = {F1AA74D2-2680-4759-B702-88FB5D02482E}
		{DE8A7CFE-7F14-498C-8BBA-02189C86D8B4} = {94C630FD-C4E3-44A6-8F7E-682BF38B1C85}
		{C0FDE335-C698-492F-AB34-BDF4EAF1E864} = {94C630FD-C4E3-44A6-8F7E-682BF38B1C85}
	EndGlobalSection
	GlobalSection(ExtensibilityGlobals) = postSolution
		SolutionGuid = {668FBAF8-0760-44A0-AD46-B89040394F0F}
	EndGlobalSection
EndGlobal
